
Microsoft Visual Studio Solution File, Format Version 12.00
# Visual Studio 15
VisualStudioVersion = 15.0.27130.2027
MinimumVisualStudioVersion = 10.0.40219.1
Project("{FAE04EC0-301F-11D3-BF4B-00C04F79EFBC}") = "SuperHumans.Android", "SuperHumans\SuperHumans.Android\SuperHumans.Android.csproj", "{41051455-E315-4309-B64B-DBF6314AFB0C}"
EndProject
Project("{FAE04EC0-301F-11D3-BF4B-00C04F79EFBC}") = "SuperHumans", "SuperHumans\SuperHumans\SuperHumans.csproj", "{12672641-C748-42DD-A272-BFDF7067656E}"
EndProject
Global
	GlobalSection(SolutionConfigurationPlatforms) = preSolution
		Debug|Any CPU = Debug|Any CPU
		Release|Any CPU = Release|Any CPU
	EndGlobalSection
	GlobalSection(ProjectConfigurationPlatforms) = postSolution
		{41051455-E315-4309-B64B-DBF6314AFB0C}.Debug|Any CPU.ActiveCfg = Debug|Any CPU
		{41051455-E315-4309-B64B-DBF6314AFB0C}.Debug|Any CPU.Build.0 = Debug|Any CPU
		{41051455-E315-4309-B64B-DBF6314AFB0C}.Debug|Any CPU.Deploy.0 = Debug|Any CPU
		{41051455-E315-4309-B64B-DBF6314AFB0C}.Release|Any CPU.ActiveCfg = Release|Any CPU
		{41051455-E315-4309-B64B-DBF6314AFB0C}.Release|Any CPU.Build.0 = Release|Any CPU
		{41051455-E315-4309-B64B-DBF6314AFB0C}.Release|Any CPU.Deploy.0 = Release|Any CPU
		{12672641-C748-42DD-A272-BFDF7067656E}.Debug|Any CPU.ActiveCfg = Debug|Any CPU
		{12672641-C748-42DD-A272-BFDF7067656E}.Debug|Any CPU.Build.0 = Debug|Any CPU
		{12672641-C748-42DD-A272-BFDF7067656E}.Release|Any CPU.ActiveCfg = Release|Any CPU
		{12672641-C748-42DD-A272-BFDF7067656E}.Release|Any CPU.Build.0 = Release|Any CPU
	EndGlobalSection
	GlobalSection(SolutionProperties) = preSolution
		HideSolutionNode = FALSE
	EndGlobalSection
	GlobalSection(ExtensibilityGlobals) = postSolution
		SolutionGuid = {FFB4BFD5-30E0-441E-B8C1-5558574A1F5E}
	EndGlobalSection
EndGlobal
